
Microsoft Visual Studio Solution File, Format Version 12.00
# Visual Studio Version 17
VisualStudioVersion = 17.4.33110.190
MinimumVisualStudioVersion = 10.0.40219.1
Project("{FAE04EC0-301F-11D3-BF4B-00C04F79EFBC}") = "EverCleanDbSystem", "EverCleanDbSystem.csproj", "{CA1C210A-4159-4BB9-9A00-164E8B203CE3}"
EndProject
Global
	GlobalSection(SolutionConfigurationPlatforms) = preSolution
		Debug|Any CPU = Debug|Any CPU
		Release|Any CPU = Release|Any CPU
	EndGlobalSection
	GlobalSection(ProjectConfigurationPlatforms) = postSolution
		{CA1C210A-4159-4BB9-9A00-164E8B203CE3}.Debug|Any CPU.ActiveCfg = Debug|Any CPU
		{CA1C210A-4159-4BB9-9A00-164E8B203CE3}.Debug|Any CPU.Build.0 = Debug|Any CPU
		{CA1C210A-4159-4BB9-9A00-164E8B203CE3}.Release|Any CPU.ActiveCfg = Release|Any CPU
		{CA1C210A-4159-4BB9-9A00-164E8B203CE3}.Release|Any CPU.Build.0 = Release|Any CPU
	EndGlobalSection
	GlobalSection(SolutionProperties) = preSolution
		HideSolutionNode = FALSE
	EndGlobalSection
	GlobalSection(ExtensibilityGlobals) = postSolution
		SolutionGuid = {184B9D43-64DC-451D-BDBC-D4104051F96B}
	EndGlobalSection
EndGlobal
